
Microsoft Visual Studio Solution File, Format Version 12.00
# Visual Studio Version 17
VisualStudioVersion = 17.4.33110.190
MinimumVisualStudioVersion = 10.0.40219.1
Project("{FAE04EC0-301F-11D3-BF4B-00C04F79EFBC}") = "DbZip", "DbZip.csproj", "{6EC5B0A4-CF35-40AC-8C72-5093DB88E2A3}"
EndProject
Global
	GlobalSection(SolutionConfigurationPlatforms) = preSolution
		Debug|Any CPU = Debug|Any CPU
		Release|Any CPU = Release|Any CPU
	EndGlobalSection
	GlobalSection(ProjectConfigurationPlatforms) = postSolution
		{6EC5B0A4-CF35-40AC-8C72-5093DB88E2A3}.Debug|Any CPU.ActiveCfg = Debug|Any CPU
		{6EC5B0A4-CF35-40AC-8C72-5093DB88E2A3}.Debug|Any CPU.Build.0 = Debug|Any CPU
		{6EC5B0A4-CF35-40AC-8C72-5093DB88E2A3}.Release|Any CPU.ActiveCfg = Release|Any CPU
		{6EC5B0A4-CF35-40AC-8C72-5093DB88E2A3}.Release|Any CPU.Build.0 = Release|Any CPU
	EndGlobalSection
	GlobalSection(SolutionProperties) = preSolution
		HideSolutionNode = FALSE
	EndGlobalSection
	GlobalSection(ExtensibilityGlobals) = postSolution
		SolutionGuid = {69D66AF0-230D-4BA5-9920-3C0F2F475BF4}
	EndGlobalSection
	GlobalSection(CodealikeProperties) = postSolution
		SolutionGuid = 00aed340-4f64-442b-b128-fcf33b0b1050
	EndGlobalSection
EndGlobal
