
Microsoft Visual Studio Solution File, Format Version 12.00
# Visual Studio 2013
VisualStudioVersion = 12.0.31101.0
MinimumVisualStudioVersion = 10.0.40219.1
Project("{FAE04EC0-301F-11D3-BF4B-00C04F79EFBC}") = "DbZip", "DbZip.csproj", "{6EC5B0A4-CF35-40AC-8C72-5093DB88E2A3}"
EndProject
Project("{2150E333-8FDC-42A3-9474-1A3956D46DE8}") = ".nuget", ".nuget", "{25536BA9-21E4-4113-B15F-B04633677AAF}"
	ProjectSection(SolutionItems) = preProject
		.nuget\NuGet.Config = .nuget\NuGet.Config
		.nuget\nuget.exe = .nuget\nuget.exe
		.nuget\NuGet.targets = .nuget\NuGet.targets
	EndProjectSection
EndProject
Global
	GlobalSection(CodealikeProperties) = postSolution
		SolutionGuid = 00aed340-4f64-442b-b128-fcf33b0b1050
	EndGlobalSection
	GlobalSection(SolutionConfigurationPlatforms) = preSolution
		Debug|Any CPU = Debug|Any CPU
		Release|Any CPU = Release|Any CPU
	EndGlobalSection
	GlobalSection(ProjectConfigurationPlatforms) = postSolution
		{6EC5B0A4-CF35-40AC-8C72-5093DB88E2A3}.Debug|Any CPU.ActiveCfg = Debug|Any CPU
		{6EC5B0A4-CF35-40AC-8C72-5093DB88E2A3}.Debug|Any CPU.Build.0 = Debug|Any CPU
		{6EC5B0A4-CF35-40AC-8C72-5093DB88E2A3}.Release|Any CPU.ActiveCfg = Release|Any CPU
		{6EC5B0A4-CF35-40AC-8C72-5093DB88E2A3}.Release|Any CPU.Build.0 = Release|Any CPU
	EndGlobalSection
	GlobalSection(SolutionProperties) = preSolution
		HideSolutionNode = FALSE
	EndGlobalSection
EndGlobal
